{
  "name": "@harmonyjs/adapter-couchbase",
  "version": "1.0.0-rc2.2",
  "lockfileVersion": 1,
  "requires": true,
  "dependencies": {
    "@types/couchbase": {
      "version": "2.4.1",
      "resolved": "https://registry.npmjs.org/@types/couchbase/-/couchbase-2.4.1.tgz",
      "integrity": "sha512-Mo5HtRtKmuWruYxzKrQaPjAv0pH6/V1DioMyovD5SymQkC2TDV/UaJ/t0b2cy16lVG1Wn7NguaRJKfB8yKBKIA==",
      "dev": true,
      "requires": {
        "@types/events": "*",
        "@types/node": "*"
      }
    },
    "@types/events": {
      "version": "3.0.0",
      "resolved": "https://registry.npmjs.org/@types/events/-/events-3.0.0.tgz",
      "integrity": "sha512-EaObqwIvayI5a8dCzhFrjKzVwKLxjoG9T6Ppd5CEo07LRKfQ8Yokw54r5+Wq7FaBQ+yXRvQAYPrHwya1/UFt9g==",
      "dev": true
    },
    "@types/node": {
      "version": "13.7.2",
      "resolved": "https://registry.npmjs.org/@types/node/-/node-13.7.2.tgz",
      "integrity": "sha512-uvilvAQbdJvnSBFcKJ2td4016urcGvsiR+N4dHGU87ml8O2Vl6l+ErOi9w0kXSPiwJ1AYlIW+0pDXDWWMOiWbw==",
      "dev": true
    },
    "@types/uuid": {
      "version": "3.4.8",
      "resolved": "https://registry.npmjs.org/@types/uuid/-/uuid-3.4.8.tgz",
      "integrity": "sha512-zHWce3allXWSmRx6/AGXKCtSOA7JjeWd2L3t4aHfysNk8mouQnWCocveaT7a4IEIlPVHp81jzlnknqTgCjCLXA==",
      "dev": true
    },
    "typescript": {
      "version": "3.7.5",
      "resolved": "https://registry.npmjs.org/typescript/-/typescript-3.7.5.tgz",
      "integrity": "sha512-/P5lkRXkWHNAbcJIiHPfRoKqyd7bsyCma1hZNUGfn20qm64T6ZBlrzprymeu918H+mB/0rIg2gGK/BXkhhYgBw==",
      "dev": true
    },
    "uuid": {
      "version": "3.4.0",
      "resolved": "https://registry.npmjs.org/uuid/-/uuid-3.4.0.tgz",
      "integrity": "sha512-HjSDRw6gZE5JMggctHBcjVak08+KEVhSIiDzFnT9S9aegmp85S/bReBVTb4QTFaRNptJ9kuYaNhnbNEOkbKb/A=="
    }
  }
}
