{
  "name": "chatroom-server",
  "version": "0.1.10",
  "lockfileVersion": 1,
  "requires": true,
  "dependencies": {
    "esm": {
      "version": "3.2.5",
      "resolved": "https://registry.npmjs.org/esm/-/esm-3.2.5.tgz",
      "integrity": "sha512-rukU6Nd3agbHQCJWV4rrlZxqpbO3ix8qhUxK1BhKALGS2E465O0BFwgCOqJjNnYfO/I2MwpUBmPsW8DXoe8tcA=="
    }
  }
}
