{
  "name": "@harmonyjs/adapter-mongoose",
  "version": "1.0.0-rc2.6",
  "lockfileVersion": 1,
  "requires": true,
  "dependencies": {
    "@types/bson": {
      "version": "4.0.2",
      "resolved": "https://registry.npmjs.org/@types/bson/-/bson-4.0.2.tgz",
      "integrity": "sha512-+uWmsejEHfmSjyyM/LkrP0orfE2m5Mx9Xel4tXNeqi1ldK5XMQcDsFkBmLDtuyKUbxj2jGDo0H240fbCRJZo7Q==",
      "dev": true,
      "requires": {
        "@types/node": "*"
      }
    },
    "@types/mongodb": {
      "version": "3.5.3",
      "resolved": "https://registry.npmjs.org/@types/mongodb/-/mongodb-3.5.3.tgz",
      "integrity": "sha512-89Ftby4+/qliA+Yb8FYMPYBryKdqnJ63FmZwZ0EFNI8HZ7adT9r2XxdMkqC9SdIOMfk39km9iFXr+obBm1dFGQ==",
      "dev": true,
      "requires": {
        "@types/bson": "*",
        "@types/node": "*"
      }
    },
    "@types/mongoose": {
      "version": "5.7.7",
      "resolved": "https://registry.npmjs.org/@types/mongoose/-/mongoose-5.7.7.tgz",
      "integrity": "sha512-wfolAHiYVYTy9skgd8eKHF4KQ/fUJHPDO11ZWpeOE7JyNx/Snp/c91Jf5crrKutUFaiB702nIXQCyrA4MgGxRA==",
      "dev": true,
      "requires": {
        "@types/mongodb": "*",
        "@types/node": "*"
      }
    },
    "@types/node": {
      "version": "13.9.3",
      "resolved": "https://registry.npmjs.org/@types/node/-/node-13.9.3.tgz",
      "integrity": "sha512-01s+ac4qerwd6RHD+mVbOEsraDHSgUaefQlEdBbUolnQFjKwCr7luvAlEwW1RFojh67u0z4OUTjPn9LEl4zIkA==",
      "dev": true
    },
    "typescript": {
      "version": "3.7.5",
      "resolved": "https://registry.npmjs.org/typescript/-/typescript-3.7.5.tgz",
      "integrity": "sha512-/P5lkRXkWHNAbcJIiHPfRoKqyd7bsyCma1hZNUGfn20qm64T6ZBlrzprymeu918H+mB/0rIg2gGK/BXkhhYgBw==",
      "dev": true
    }
  }
}
