{
  "name": "@harmonyjs/adapter-mongoose",
  "version": "1.0.0-rc2.0",
  "lockfileVersion": 1,
  "requires": true,
  "dependencies": {
    "@types/bson": {
      "version": "4.0.1",
      "resolved": "https://registry.npmjs.org/@types/bson/-/bson-4.0.1.tgz",
      "integrity": "sha512-K6VAEdLVJFBxKp8m5cRTbUfeZpuSvOuLKJLrgw9ANIXo00RiyGzgH4BKWWR4F520gV4tWmxG7q9sKQRVDuzrBw==",
      "dev": true,
      "requires": {
        "@types/node": "*"
      }
    },
    "@types/mongodb": {
      "version": "3.3.16",
      "resolved": "https://registry.npmjs.org/@types/mongodb/-/mongodb-3.3.16.tgz",
      "integrity": "sha512-i1Ov36BXdp+urtPsaSvrNfCdsaVn4Ukq1m1kGyzdWB1+eg3gJ68unXU5LNmnF4EAMRFY6FXZzA7/W3NST40b8g==",
      "dev": true,
      "requires": {
        "@types/bson": "*",
        "@types/node": "*"
      }
    },
    "@types/mongoose": {
      "version": "5.7.1",
      "resolved": "https://registry.npmjs.org/@types/mongoose/-/mongoose-5.7.1.tgz",
      "integrity": "sha512-lCe+ctykvXgI58bWlEAgladuVHmgSWbAuCMapy9+2m+aUm4DfjYGJ1HXIqubr+YflDN8hfjDaX7BGVxO/Fl06Q==",
      "dev": true,
      "requires": {
        "@types/mongodb": "*",
        "@types/node": "*"
      }
    },
    "@types/node": {
      "version": "13.7.2",
      "resolved": "https://registry.npmjs.org/@types/node/-/node-13.7.2.tgz",
      "integrity": "sha512-uvilvAQbdJvnSBFcKJ2td4016urcGvsiR+N4dHGU87ml8O2Vl6l+ErOi9w0kXSPiwJ1AYlIW+0pDXDWWMOiWbw==",
      "dev": true
    },
    "typescript": {
      "version": "3.7.5",
      "resolved": "https://registry.npmjs.org/typescript/-/typescript-3.7.5.tgz",
      "integrity": "sha512-/P5lkRXkWHNAbcJIiHPfRoKqyd7bsyCma1hZNUGfn20qm64T6ZBlrzprymeu918H+mB/0rIg2gGK/BXkhhYgBw==",
      "dev": true
    }
  }
}
